
Microsoft Visual Studio Solution File, Format Version 12.00
# Visual Studio Version 17
VisualStudioVersion = 17.0.32014.148
MinimumVisualStudioVersion = 10.0.40219.1
Project("{FAE04EC0-301F-11D3-BF4B-00C04F79EFBC}") = "AWSSecretsManagerNETAPIDemo", "AWSSecretsManagerNETAPIDemo\AWSSecretsManagerNETAPIDemo.csproj", "{A4B96DFD-82FA-4BD9-B7CE-01A1891512E2}"
EndProject
Global
	GlobalSection(SolutionConfigurationPlatforms) = preSolution
		Debug|Any CPU = Debug|Any CPU
		Release|Any CPU = Release|Any CPU
	EndGlobalSection
	GlobalSection(ProjectConfigurationPlatforms) = postSolution
		{A4B96DFD-82FA-4BD9-B7CE-01A1891512E2}.Debug|Any CPU.ActiveCfg = Debug|Any CPU
		{A4B96DFD-82FA-4BD9-B7CE-01A1891512E2}.Debug|Any CPU.Build.0 = Debug|Any CPU
		{A4B96DFD-82FA-4BD9-B7CE-01A1891512E2}.Release|Any CPU.ActiveCfg = Release|Any CPU
		{A4B96DFD-82FA-4BD9-B7CE-01A1891512E2}.Release|Any CPU.Build.0 = Release|Any CPU
	EndGlobalSection
	GlobalSection(SolutionProperties) = preSolution
		HideSolutionNode = FALSE
	EndGlobalSection
	GlobalSection(ExtensibilityGlobals) = postSolution
		SolutionGuid = {32A07381-C5A4-4A78-A99D-DC1EE2C84ABE}
	EndGlobalSection
EndGlobal
