
Microsoft Visual Studio Solution File, Format Version 12.00
# Visual Studio Version 17
VisualStudioVersion = 17.0.32014.148
MinimumVisualStudioVersion = 10.0.40219.1
Project("{FAE04EC0-301F-11D3-BF4B-00C04F79EFBC}") = "AWSNLogNetAPIDemo", "AWSNLogNetAPIDemo\AWSNLogNetAPIDemo.csproj", "{F026CA74-9321-4A69-A4C9-4592B0C7DD90}"
EndProject
Global
	GlobalSection(SolutionConfigurationPlatforms) = preSolution
		Debug|Any CPU = Debug|Any CPU
		Release|Any CPU = Release|Any CPU
	EndGlobalSection
	GlobalSection(ProjectConfigurationPlatforms) = postSolution
		{F026CA74-9321-4A69-A4C9-4592B0C7DD90}.Debug|Any CPU.ActiveCfg = Debug|Any CPU
		{F026CA74-9321-4A69-A4C9-4592B0C7DD90}.Debug|Any CPU.Build.0 = Debug|Any CPU
		{F026CA74-9321-4A69-A4C9-4592B0C7DD90}.Release|Any CPU.ActiveCfg = Release|Any CPU
		{F026CA74-9321-4A69-A4C9-4592B0C7DD90}.Release|Any CPU.Build.0 = Release|Any CPU
	EndGlobalSection
	GlobalSection(SolutionProperties) = preSolution
		HideSolutionNode = FALSE
	EndGlobalSection
	GlobalSection(ExtensibilityGlobals) = postSolution
		SolutionGuid = {ACACD5D1-2318-4C54-83A1-453D1FF5EAAF}
	EndGlobalSection
EndGlobal
